{
  "name": "web",
  "lockfileVersion": 3,
  "requires": true,
  "packages": {
    "": {
      "dependencies": {
        "next": "file:...",
        "react": "file:...",
        "react-dom": "file:..."
      }
    },
    "...": {},
    "node_modules/next": {
      "resolved": "...",
      "link": true
    },
    "node_modules/react": {
      "resolved": "...",
      "link": true
    },
    "node_modules/react-dom": {
      "resolved": "...",
      "link": true
    }
  }
}
